
Microsoft Visual Studio Solution File, Format Version 12.00
# Visual Studio Version 16
VisualStudioVersion = 16.0.30611.23
MinimumVisualStudioVersion = 10.0.40219.1
Project("{FAE04EC0-301F-11D3-BF4B-00C04F79EFBC}") = "RobotArmControlGUI", "RobotArmControlGUI\RobotArmControlGUI.csproj", "{A24AE2DB-2222-42D8-83BC-44E4559D519E}"
EndProject
Global
	GlobalSection(SolutionConfigurationPlatforms) = preSolution
		Debug|Any CPU = Debug|Any CPU
		Release|Any CPU = Release|Any CPU
	EndGlobalSection
	GlobalSection(ProjectConfigurationPlatforms) = postSolution
		{A24AE2DB-2222-42D8-83BC-44E4559D519E}.Debug|Any CPU.ActiveCfg = Debug|Any CPU
		{A24AE2DB-2222-42D8-83BC-44E4559D519E}.Debug|Any CPU.Build.0 = Debug|Any CPU
		{A24AE2DB-2222-42D8-83BC-44E4559D519E}.Release|Any CPU.ActiveCfg = Release|Any CPU
		{A24AE2DB-2222-42D8-83BC-44E4559D519E}.Release|Any CPU.Build.0 = Release|Any CPU
	EndGlobalSection
	GlobalSection(SolutionProperties) = preSolution
		HideSolutionNode = FALSE
	EndGlobalSection
	GlobalSection(ExtensibilityGlobals) = postSolution
		SolutionGuid = {EC66F338-F40E-422C-84C7-6EEB33E73E74}
	EndGlobalSection
EndGlobal
